{
  "name": "jssocket",
  "version": "1.0.0",
  "lockfileVersion": 1,
  "requires": true,
  "dependencies": {
    "async-limiter": {
      "version": "1.0.0",
      "resolved": "https://registry.npmjs.org/async-limiter/-/async-limiter-1.0.0.tgz",
      "integrity": "sha512-jp/uFnooOiO+L211eZOoSyzpOITMXx1rBITauYykG3BRYPu8h0UcxsPNB04RR5vo4Tyz3+ay17tR6JVf9qzYWg=="
    },
    "inline-scripts": {
      "version": "0.0.2",
      "resolved": "https://registry.npmjs.org/inline-scripts/-/inline-scripts-0.0.2.tgz",
      "integrity": "sha512-NeK4tKDzuT/z0X5Zg006sQAqOSm4fCXZucfb/rYy+tElpNmMsNFy6KMH6rE9y65TClH88R3ukxcnBy3DX2yZFw=="
    },
    "ws": {
      "version": "6.1.3",
      "resolved": "https://registry.npmjs.org/ws/-/ws-6.1.3.tgz",
      "integrity": "sha512-tbSxiT+qJI223AP4iLfQbkbxkwdFcneYinM2+x46Gx2wgvbaOMO36czfdfVUBRTHvzAMRhDd98sA5d/BuWbQdg==",
      "requires": {
        "async-limiter": "~1.0.0"
      }
    }
  }
}
